<Solution>
  <Folder Name="/src/">
    <Project Path="src/MedAgent.Api/MedAgent.Api.csproj" />
    <Project Path="src/MedAgent.Application/MedAgent.Application.csproj" />
    <Project Path="src/MedAgent.Domain/MedAgent.Domain.csproj" />
    <Project Path="src/MedAgent.Infrastructure/MedAgent.Infrastructure.csproj" />
  </Folder>
  <Folder Name="/tests/">
    <Project Path="tests/MedAgent.UnitTests/MedAgent.UnitTests.csproj" />
  </Folder>
</Solution>
